// !$*UTF8*$!
{
	archiveVersion = 1;
	classes = {
	};
	objectVersion = 56;
	objects = {

/* Begin PBXBuildFile section */
		CA1F881E2C056A5800B9D3CC /* Models.swift in Sources */ = {isa = PBXBuildFile; fileRef = CA1F881D2C056A5800B9D3CC /* Models.swift */; };
		CA1F88202C06864A00B9D3CC /* PersonListView.swift in Sources */ = {isa = PBXBuildFile; fileRef = CA1F881F2C06864A00B9D3CC /* PersonListView.swift */; };
		CA8F16A82C07DEF2005E7AA6 /* PersonEditView.swift in Sources */ = {isa = PBXBuildFile; fileRef = CA8F16A72C07DEF2005E7AA6 /* PersonEditView.swift */; };
		CA92F1EB2C0521DB00FFF3D7 /* ContactListApp.swift in Sources */ = {isa = PBXBuildFile; fileRef = CA92F1EA2C0521DB00FFF3D7 /* ContactListApp.swift */; };
		CA92F1F12C0521DC00FFF3D7 /* Assets.xcassets in Resources */ = {isa = PBXBuildFile; fileRef = CA92F1F02C0521DC00FFF3D7 /* Assets.xcassets */; };
		CA92F1F42C0521DC00FFF3D7 /* Preview Assets.xcassets in Resources */ = {isa = PBXBuildFile; fileRef = CA92F1F32C0521DC00FFF3D7 /* Preview Assets.xcassets */; };
		CA92F1FE2C0521DC00FFF3D7 /* ContactListTests.swift in Sources */ = {isa = PBXBuildFile; fileRef = CA92F1FD2C0521DC00FFF3D7 /* ContactListTests.swift */; };
		CA92F2082C0521DC00FFF3D7 /* ContactListUITests.swift in Sources */ = {isa = PBXBuildFile; fileRef = CA92F2072C0521DC00FFF3D7 /* ContactListUITests.swift */; };
		CA92F20A2C0521DC00FFF3D7 /* ContactListUITestsLaunchTests.swift in Sources */ = {isa = PBXBuildFile; fileRef = CA92F2092C0521DC00FFF3D7 /* ContactListUITestsLaunchTests.swift */; };
/* End PBXBuildFile section */

/* Begin PBXContainerItemProxy section */
		CA92F1FA2C0521DC00FFF3D7 /* PBXContainerItemProxy */ = {
			isa = PBXContainerItemProxy;
			containerPortal = CA92F1DF2C0521DB00FFF3D7 /* Project object */;
			proxyType = 1;
			remoteGlobalIDString = CA92F1E62C0521DB00FFF3D7;
			remoteInfo = ContactList;
		};
		CA92F2042C0521DC00FFF3D7 /* PBXContainerItemProxy */ = {
			isa = PBXContainerItemProxy;
			containerPortal = CA92F1DF2C0521DB00FFF3D7 /* Project object */;
			proxyType = 1;
			remoteGlobalIDString = CA92F1E62C0521DB00FFF3D7;
			remoteInfo = ContactList;
		};
/* End PBXContainerItemProxy section */

/* Begin PBXFileReference section */
		CA1F881D2C056A5800B9D3CC /* Models.swift */ = {isa = PBXFileReference; lastKnownFileType = sourcecode.swift; path = Models.swift; sourceTree = "<group>"; };
		CA1F881F2C06864A00B9D3CC /* PersonListView.swift */ = {isa = PBXFileReference; lastKnownFileType = sourcecode.swift; path = PersonListView.swift; sourceTree = "<group>"; };
		CA8F16A72C07DEF2005E7AA6 /* PersonEditView.swift */ = {isa = PBXFileReference; lastKnownFileType = sourcecode.swift; path = PersonEditView.swift; sourceTree = "<group>"; };
		CA92F1E72C0521DB00FFF3D7 /* ContactList.app */ = {isa = PBXFileReference; explicitFileType = wrapper.application; includeInIndex = 0; path = ContactList.app; sourceTree = BUILT_PRODUCTS_DIR; };
		CA92F1EA2C0521DB00FFF3D7 /* ContactListApp.swift */ = {isa = PBXFileReference; lastKnownFileType = sourcecode.swift; path = ContactListApp.swift; sourceTree = "<group>"; };
		CA92F1F02C0521DC00FFF3D7 /* Assets.xcassets */ = {isa = PBXFileReference; lastKnownFileType = folder.assetcatalog; path = Assets.xcassets; sourceTree = "<group>"; };
		CA92F1F32C0521DC00FFF3D7 /* Preview Assets.xcassets */ = {isa = PBXFileReference; lastKnownFileType = folder.assetcatalog; path = "Preview Assets.xcassets"; sourceTree = "<group>"; };
		CA92F1F92C0521DC00FFF3D7 /* ContactListTests.xctest */ = {isa = PBXFileReference; explicitFileType = wrapper.cfbundle; includeInIndex = 0; path = ContactListTests.xctest; sourceTree = BUILT_PRODUCTS_DIR; };
		CA92F1FD2C0521DC00FFF3D7 /* ContactListTests.swift */ = {isa = PBXFileReference; lastKnownFileType = sourcecode.swift; path = ContactListTests.swift; sourceTree = "<group>"; };
		CA92F2032C0521DC00FFF3D7 /* ContactListUITests.xctest */ = {isa = PBXFileReference; explicitFileType = wrapper.cfbundle; includeInIndex = 0; path = ContactListUITests.xctest; sourceTree = BUILT_PRODUCTS_DIR; };
		CA92F2072C0521DC00FFF3D7 /* ContactListUITests.swift */ = {isa = PBXFileReference; lastKnownFileType = sourcecode.swift; path = ContactListUITests.swift; sourceTree = "<group>"; };
		CA92F2092C0521DC00FFF3D7 /* ContactListUITestsLaunchTests.swift */ = {isa = PBXFileReference; lastKnownFileType = sourcecode.swift; path = ContactListUITestsLaunchTests.swift; sourceTree = "<group>"; };
/* End PBXFileReference section */

/* Begin PBXFrameworksBuildPhase section */
		CA92F1E42C0521DB00FFF3D7 /* Frameworks */ = {
			isa = PBXFrameworksBuildPhase;
			buildActionMask = 2147483647;
			files = (
			);
			runOnlyForDeploymentPostprocessing = 0;
		};
		CA92F1F62C0521DC00FFF3D7 /* Frameworks */ = {
			isa = PBXFrameworksBuildPhase;
			buildActionMask = 2147483647;
			files = (
			);
			runOnlyForDeploymentPostprocessing = 0;
		};
		CA92F2002C0521DC00FFF3D7 /* Frameworks */ = {
			isa = PBXFrameworksBuildPhase;
			buildActionMask = 2147483647;
			files = (
			);
			runOnlyForDeploymentPostprocessing = 0;
		};
/* End PBXFrameworksBuildPhase section */

/* Begin PBXGroup section */
		CA92F1DE2C0521DB00FFF3D7 = {
			isa = PBXGroup;
			children = (
				CA92F1E92C0521DB00FFF3D7 /* ContactList */,
				CA92F1FC2C0521DC00FFF3D7 /* ContactListTests */,
				CA92F2062C0521DC00FFF3D7 /* ContactListUITests */,
				CA92F1E82C0521DB00FFF3D7 /* Products */,
			);
			sourceTree = "<group>";
		};
		CA92F1E82C0521DB00FFF3D7 /* Products */ = {
			isa = PBXGroup;
			children = (
				CA92F1E72C0521DB00FFF3D7 /* ContactList.app */,
				CA92F1F92C0521DC00FFF3D7 /* ContactListTests.xctest */,
				CA92F2032C0521DC00FFF3D7 /* ContactListUITests.xctest */,
			);
			name = Products;
			sourceTree = "<group>";
		};
		CA92F1E92C0521DB00FFF3D7 /* ContactList */ = {
			isa = PBXGroup;
			children = (
				CA92F1EA2C0521DB00FFF3D7 /* ContactListApp.swift */,
				CA1F881D2C056A5800B9D3CC /* Models.swift */,
				CA1F881F2C06864A00B9D3CC /* PersonListView.swift */,
				CA8F16A72C07DEF2005E7AA6 /* PersonEditView.swift */,
				CA92F1F02C0521DC00FFF3D7 /* Assets.xcassets */,
				CA92F1F22C0521DC00FFF3D7 /* Preview Content */,
			);
			path = ContactList;
			sourceTree = "<group>";
		};
		CA92F1F22C0521DC00FFF3D7 /* Preview Content */ = {
			isa = PBXGroup;
			children = (
				CA92F1F32C0521DC00FFF3D7 /* Preview Assets.xcassets */,
			);
			path = "Preview Content";
			sourceTree = "<group>";
		};
		CA92F1FC2C0521DC00FFF3D7 /* ContactListTests */ = {
			isa = PBXGroup;
			children = (
				CA92F1FD2C0521DC00FFF3D7 /* ContactListTests.swift */,
			);
			path = ContactListTests;
			sourceTree = "<group>";
		};
		CA92F2062C0521DC00FFF3D7 /* ContactListUITests */ = {
			isa = PBXGroup;
			children = (
				CA92F2072C0521DC00FFF3D7 /* ContactListUITests.swift */,
				CA92F2092C0521DC00FFF3D7 /* ContactListUITestsLaunchTests.swift */,
			);
			path = ContactListUITests;
			sourceTree = "<group>";
		};
/* End PBXGroup section */

/* Begin PBXNativeTarget section */
		CA92F1E62C0521DB00FFF3D7 /* ContactList */ = {
			isa = PBXNativeTarget;
			buildConfigurationList = CA92F20D2C0521DC00FFF3D7 /* Build configuration list for PBXNativeTarget "ContactList" */;
			buildPhases = (
				CA92F1E32C0521DB00FFF3D7 /* Sources */,
				CA92F1E42C0521DB00FFF3D7 /* Frameworks */,
				CA92F1E52C0521DB00FFF3D7 /* Resources */,
			);
			buildRules = (
			);
			dependencies = (
			);
			name = ContactList;
			productName = ContactList;
			productReference = CA92F1E72C0521DB00FFF3D7 /* ContactList.app */;
			productType = "com.apple.product-type.application";
		};
		CA92F1F82C0521DC00FFF3D7 /* ContactListTests */ = {
			isa = PBXNativeTarget;
			buildConfigurationList = CA92F2102C0521DC00FFF3D7 /* Build configuration list for PBXNativeTarget "ContactListTests" */;
			buildPhases = (
				CA92F1F52C0521DC00FFF3D7 /* Sources */,
				CA92F1F62C0521DC00FFF3D7 /* Frameworks */,
				CA92F1F72C0521DC00FFF3D7 /* Resources */,
			);
			buildRules = (
			);
			dependencies = (
				CA92F1FB2C0521DC00FFF3D7 /* PBXTargetDependency */,
			);
			name = ContactListTests;
			productName = ContactListTests;
			productReference = CA92F1F92C0521DC00FFF3D7 /* ContactListTests.xctest */;
			productType = "com.apple.product-type.bundle.unit-test";
		};
		CA92F2022C0521DC00FFF3D7 /* ContactListUITests */ = {
			isa = PBXNativeTarget;
			buildConfigurationList = CA92F2132C0521DC00FFF3D7 /* Build configuration list for PBXNativeTarget "ContactListUITests" */;
			buildPhases = (
				CA92F1FF2C0521DC00FFF3D7 /* Sources */,
				CA92F2002C0521DC00FFF3D7 /* Frameworks */,
				CA92F2012C0521DC00FFF3D7 /* Resources */,
			);
			buildRules = (
			);
			dependencies = (
				CA92F2052C0521DC00FFF3D7 /* PBXTargetDependency */,
			);
			name = ContactListUITests;
			productName = ContactListUITests;
			productReference = CA92F2032C0521DC00FFF3D7 /* ContactListUITests.xctest */;
			productType = "com.apple.product-type.bundle.ui-testing";
		};
/* End PBXNativeTarget section */

/* Begin PBXProject section */
		CA92F1DF2C0521DB00FFF3D7 /* Project object */ = {
			isa = PBXProject;
			attributes = {
				BuildIndependentTargetsInParallel = 1;
				LastSwiftUpdateCheck = 1540;
				LastUpgradeCheck = 1540;
				TargetAttributes = {
					CA92F1E62C0521DB00FFF3D7 = {
						CreatedOnToolsVersion = 15.4;
					};
					CA92F1F82C0521DC00FFF3D7 = {
						CreatedOnToolsVersion = 15.4;
						TestTargetID = CA92F1E62C0521DB00FFF3D7;
					};
					CA92F2022C0521DC00FFF3D7 = {
						CreatedOnToolsVersion = 15.4;
						TestTargetID = CA92F1E62C0521DB00FFF3D7;
					};
				};
			};
			buildConfigurationList = CA92F1E22C0521DB00FFF3D7 /* Build configuration list for PBXProject "ContactList" */;
			compatibilityVersion = "Xcode 14.0";
			developmentRegion = en;
			hasScannedForEncodings = 0;
			knownRegions = (
				en,
				Base,
			);
			mainGroup = CA92F1DE2C0521DB00FFF3D7;
			productRefGroup = CA92F1E82C0521DB00FFF3D7 /* Products */;
			projectDirPath = "";
			projectRoot = "";
			targets = (
				CA92F1E62C0521DB00FFF3D7 /* ContactList */,
				CA92F1F82C0521DC00FFF3D7 /* ContactListTests */,
				CA92F2022C0521DC00FFF3D7 /* ContactListUITests */,
			);
		};
/* End PBXProject section */

/* Begin PBXResourcesBuildPhase section */
		CA92F1E52C0521DB00FFF3D7 /* Resources */ = {
			isa = PBXResourcesBuildPhase;
			buildActionMask = 2147483647;
			files = (
				CA92F1F42C0521DC00FFF3D7 /* Preview Assets.xcassets in Resources */,
				CA92F1F12C0521DC00FFF3D7 /* Assets.xcassets in Resources */,
			);
			runOnlyForDeploymentPostprocessing = 0;
		};
		CA92F1F72C0521DC00FFF3D7 /* Resources */ = {
			isa = PBXResourcesBuildPhase;
			buildActionMask = 2147483647;
			files = (
			);
			runOnlyForDeploymentPostprocessing = 0;
		};
		CA92F2012C0521DC00FFF3D7 /* Resources */ = {
			isa = PBXResourcesBuildPhase;
			buildActionMask = 2147483647;
			files = (
			);
			runOnlyForDeploymentPostprocessing = 0;
		};
/* End PBXResourcesBuildPhase section */

/* Begin PBXSourcesBuildPhase section */
		CA92F1E32C0521DB00FFF3D7 /* Sources */ = {
			isa = PBXSourcesBuildPhase;
			buildActionMask = 2147483647;
			files = (
				CA92F1EB2C0521DB00FFF3D7 /* ContactListApp.swift in Sources */,
				CA1F881E2C056A5800B9D3CC /* Models.swift in Sources */,
				CA1F88202C06864A00B9D3CC /* PersonListView.swift in Sources */,
				CA8F16A82C07DEF2005E7AA6 /* PersonEditView.swift in Sources */,
			);
			runOnlyForDeploymentPostprocessing = 0;
		};
		CA92F1F52C0521DC00FFF3D7 /* Sources */ = {
			isa = PBXSourcesBuildPhase;
			buildActionMask = 2147483647;
			files = (
				CA92F1FE2C0521DC00FFF3D7 /* ContactListTests.swift in Sources */,
			);
			runOnlyForDeploymentPostprocessing = 0;
		};
		CA92F1FF2C0521DC00FFF3D7 /* Sources */ = {
			isa = PBXSourcesBuildPhase;
			buildActionMask = 2147483647;
			files = (
				CA92F2082C0521DC00FFF3D7 /* ContactListUITests.swift in Sources */,
				CA92F20A2C0521DC00FFF3D7 /* ContactListUITestsLaunchTests.swift in Sources */,
			);
			runOnlyForDeploymentPostprocessing = 0;
		};
/* End PBXSourcesBuildPhase section */

/* Begin PBXTargetDependency section */
		CA92F1FB2C0521DC00FFF3D7 /* PBXTargetDependency */ = {
			isa = PBXTargetDependency;
			target = CA92F1E62C0521DB00FFF3D7 /* ContactList */;
			targetProxy = CA92F1FA2C0521DC00FFF3D7 /* PBXContainerItemProxy */;
		};
		CA92F2052C0521DC00FFF3D7 /* PBXTargetDependency */ = {
			isa = PBXTargetDependency;
			target = CA92F1E62C0521DB00FFF3D7 /* ContactList */;
			targetProxy = CA92F2042C0521DC00FFF3D7 /* PBXContainerItemProxy */;
		};
/* End PBXTargetDependency section */

/* Begin XCBuildConfiguration section */
		CA92F20B2C0521DC00FFF3D7 /* Debug */ = {
			isa = XCBuildConfiguration;
			buildSettings = {
				ALWAYS_SEARCH_USER_PATHS = NO;
				ASSETCATALOG_COMPILER_GENERATE_SWIFT_ASSET_SYMBOL_EXTENSIONS = YES;
				CLANG_ANALYZER_NONNULL = YES;
				CLANG_ANALYZER_NUMBER_OBJECT_CONVERSION = YES_AGGRESSIVE;
				CLANG_CXX_LANGUAGE_STANDARD = "gnu++20";
				CLANG_ENABLE_MODULES = YES;
				CLANG_ENABLE_OBJC_ARC = YES;
				CLANG_ENABLE_OBJC_WEAK = YES;
				CLANG_WARN_BLOCK_CAPTURE_AUTORELEASING = YES;
				CLANG_WARN_BOOL_CONVERSION = YES;
				CLANG_WARN_COMMA = YES;
				CLANG_WARN_CONSTANT_CONVERSION = YES;
				CLANG_WARN_DEPRECATED_OBJC_IMPLEMENTATIONS = YES;
				CLANG_WARN_DIRECT_OBJC_ISA_USAGE = YES_ERROR;
				CLANG_WARN_DOCUMENTATION_COMMENTS = YES;
				CLANG_WARN_EMPTY_BODY = YES;
				CLANG_WARN_ENUM_CONVERSION = YES;
				CLANG_WARN_INFINITE_RECURSION = YES;
				CLANG_WARN_INT_CONVERSION = YES;
				CLANG_WARN_NON_LITERAL_NULL_CONVERSION = YES;
				CLANG_WARN_OBJC_IMPLICIT_RETAIN_SELF = YES;
				CLANG_WARN_OBJC_LITERAL_CONVERSION = YES;
				CLANG_WARN_OBJC_ROOT_CLASS = YES_ERROR;
				CLANG_WARN_QUOTED_INCLUDE_IN_FRAMEWORK_HEADER = YES;
				CLANG_WARN_RANGE_LOOP_ANALYSIS = YES;
				CLANG_WARN_STRICT_PROTOTYPES = YES;
				CLANG_WARN_SUSPICIOUS_MOVE = YES;
				CLANG_WARN_UNGUARDED_AVAILABILITY = YES_AGGRESSIVE;
				CLANG_WARN_UNREACHABLE_CODE = YES;
				CLANG_WARN__DUPLICATE_METHOD_MATCH = YES;
				COPY_PHASE_STRIP = NO;
				DEBUG_INFORMATION_FORMAT = dwarf;
				ENABLE_STRICT_OBJC_MSGSEND = YES;
				ENABLE_TESTABILITY = YES;
				ENABLE_USER_SCRIPT_SANDBOXING = YES;
				GCC_C_LANGUAGE_STANDARD = gnu17;
				GCC_DYNAMIC_NO_PIC = NO;
				GCC_NO_COMMON_BLOCKS = YES;
				GCC_OPTIMIZATION_LEVEL = 0;
				GCC_PREPROCESSOR_DEFINITIONS = (
					"DEBUG=1",
					"$(inherited)",
				);
				GCC_WARN_64_TO_32_BIT_CONVERSION = YES;
				GCC_WARN_ABOUT_RETURN_TYPE = YES_ERROR;
				GCC_WARN_UNDECLARED_SELECTOR = YES;
				GCC_WARN_UNINITIALIZED_AUTOS = YES_AGGRESSIVE;
				GCC_WARN_UNUSED_FUNCTION = YES;
				GCC_WARN_UNUSED_VARIABLE = YES;
				IPHONEOS_DEPLOYMENT_TARGET = 17.5;
				LOCALIZATION_PREFERS_STRING_CATALOGS = YES;
				MTL_ENABLE_DEBUG_INFO = INCLUDE_SOURCE;
				MTL_FAST_MATH = YES;
				ONLY_ACTIVE_ARCH = YES;
				SDKROOT = iphoneos;
				SWIFT_ACTIVE_COMPILATION_CONDITIONS = "DEBUG $(inherited)";
				SWIFT_OPTIMIZATION_LEVEL = "-Onone";
			};
			name = Debug;
		};
		CA92F20C2C0521DC00FFF3D7 /* Release */ = {
			isa = XCBuildConfiguration;
			buildSettings = {
				ALWAYS_SEARCH_USER_PATHS = NO;
				ASSETCATALOG_COMPILER_GENERATE_SWIFT_ASSET_SYMBOL_EXTENSIONS = YES;
				CLANG_ANALYZER_NONNULL = YES;
				CLANG_ANALYZER_NUMBER_OBJECT_CONVERSION = YES_AGGRESSIVE;
				CLANG_CXX_LANGUAGE_STANDARD = "gnu++20";
				CLANG_ENABLE_MODULES = YES;
				CLANG_ENABLE_OBJC_ARC = YES;
				CLANG_ENABLE_OBJC_WEAK = YES;
				CLANG_WARN_BLOCK_CAPTURE_AUTORELEASING = YES;
				CLANG_WARN_BOOL_CONVERSION = YES;
				CLANG_WARN_COMMA = YES;
				CLANG_WARN_CONSTANT_CONVERSION = YES;
				CLANG_WARN_DEPRECATED_OBJC_IMPLEMENTATIONS = YES;
				CLANG_WARN_DIRECT_OBJC_ISA_USAGE = YES_ERROR;
				CLANG_WARN_DOCUMENTATION_COMMENTS = YES;
				CLANG_WARN_EMPTY_BODY = YES;
				CLANG_WARN_ENUM_CONVERSION = YES;
				CLANG_WARN_INFINITE_RECURSION = YES;
				CLANG_WARN_INT_CONVERSION = YES;
				CLANG_WARN_NON_LITERAL_NULL_CONVERSION = YES;
				CLANG_WARN_OBJC_IMPLICIT_RETAIN_SELF = YES;
				CLANG_WARN_OBJC_LITERAL_CONVERSION = YES;
				CLANG_WARN_OBJC_ROOT_CLASS = YES_ERROR;
				CLANG_WARN_QUOTED_INCLUDE_IN_FRAMEWORK_HEADER = YES;
				CLANG_WARN_RANGE_LOOP_ANALYSIS = YES;
				CLANG_WARN_STRICT_PROTOTYPES = YES;
				CLANG_WARN_SUSPICIOUS_MOVE = YES;
				CLANG_WARN_UNGUARDED_AVAILABILITY = YES_AGGRESSIVE;
				CLANG_WARN_UNREACHABLE_CODE = YES;
				CLANG_WARN__DUPLICATE_METHOD_MATCH = YES;
				COPY_PHASE_STRIP = NO;
				DEBUG_INFORMATION_FORMAT = "dwarf-with-dsym";
				ENABLE_NS_ASSERTIONS = NO;
				ENABLE_STRICT_OBJC_MSGSEND = YES;
				ENABLE_USER_SCRIPT_SANDBOXING = YES;
				GCC_C_LANGUAGE_STANDARD = gnu17;
				GCC_NO_COMMON_BLOCKS = YES;
				GCC_WARN_64_TO_32_BIT_CONVERSION = YES;
				GCC_WARN_ABOUT_RETURN_TYPE = YES_ERROR;
				GCC_WARN_UNDECLARED_SELECTOR = YES;
				GCC_WARN_UNINITIALIZED_AUTOS = YES_AGGRESSIVE;
				GCC_WARN_UNUSED_FUNCTION = YES;
				GCC_WARN_UNUSED_VARIABLE = YES;
				IPHONEOS_DEPLOYMENT_TARGET = 17.5;
				LOCALIZATION_PREFERS_STRING_CATALOGS = YES;
				MTL_ENABLE_DEBUG_INFO = NO;
				MTL_FAST_MATH = YES;
				SDKROOT = iphoneos;
				SWIFT_COMPILATION_MODE = wholemodule;
				VALIDATE_PRODUCT = YES;
			};
			name = Release;
		};
		CA92F20E2C0521DC00FFF3D7 /* Debug */ = {
			isa = XCBuildConfiguration;
			buildSettings = {
				ASSETCATALOG_COMPILER_APPICON_NAME = AppIcon;
				ASSETCATALOG_COMPILER_GLOBAL_ACCENT_COLOR_NAME = AccentColor;
				CODE_SIGN_STYLE = Automatic;
				CURRENT_PROJECT_VERSION = 1;
				DEVELOPMENT_ASSET_PATHS = "\"ContactList/Preview Content\"";
				DEVELOPMENT_TEAM = 83Z22V6XMU;
				ENABLE_PREVIEWS = YES;
				GENERATE_INFOPLIST_FILE = YES;
				INFOPLIST_KEY_UIApplicationSceneManifest_Generation = YES;
				INFOPLIST_KEY_UIApplicationSupportsIndirectInputEvents = YES;
				INFOPLIST_KEY_UILaunchScreen_Generation = YES;
				INFOPLIST_KEY_UISupportedInterfaceOrientations_iPad = "UIInterfaceOrientationPortrait UIInterfaceOrientationPortraitUpsideDown UIInterfaceOrientationLandscapeLeft UIInterfaceOrientationLandscapeRight";
				INFOPLIST_KEY_UISupportedInterfaceOrientations_iPhone = "UIInterfaceOrientationPortrait UIInterfaceOrientationLandscapeLeft UIInterfaceOrientationLandscapeRight";
				LD_RUNPATH_SEARCH_PATHS = (
					"$(inherited)",
					"@executable_path/Frameworks",
				);
				MARKETING_VERSION = 1.0;
				PRODUCT_BUNDLE_IDENTIFIER = com.conner.yoon.ContactList;
				PRODUCT_NAME = "$(TARGET_NAME)";
				SWIFT_EMIT_LOC_STRINGS = YES;
				SWIFT_VERSION = 5.0;
				TARGETED_DEVICE_FAMILY = "1,2";
			};
			name = Debug;
		};
		CA92F20F2C0521DC00FFF3D7 /* Release */ = {
			isa = XCBuildConfiguration;
			buildSettings = {
				ASSETCATALOG_COMPILER_APPICON_NAME = AppIcon;
				ASSETCATALOG_COMPILER_GLOBAL_ACCENT_COLOR_NAME = AccentColor;
				CODE_SIGN_STYLE = Automatic;
				CURRENT_PROJECT_VERSION = 1;
				DEVELOPMENT_ASSET_PATHS = "\"ContactList/Preview Content\"";
				DEVELOPMENT_TEAM = 83Z22V6XMU;
				ENABLE_PREVIEWS = YES;
				GENERATE_INFOPLIST_FILE = YES;
				INFOPLIST_KEY_UIApplicationSceneManifest_Generation = YES;
				INFOPLIST_KEY_UIApplicationSupportsIndirectInputEvents = YES;
				INFOPLIST_KEY_UILaunchScreen_Generation = YES;
				INFOPLIST_KEY_UISupportedInterfaceOrientations_iPad = "UIInterfaceOrientationPortrait UIInterfaceOrientationPortraitUpsideDown UIInterfaceOrientationLandscapeLeft UIInterfaceOrientationLandscapeRight";
				INFOPLIST_KEY_UISupportedInterfaceOrientations_iPhone = "UIInterfaceOrientationPortrait UIInterfaceOrientationLandscapeLeft UIInterfaceOrientationLandscapeRight";
				LD_RUNPATH_SEARCH_PATHS = (
					"$(inherited)",
					"@executable_path/Frameworks",
				);
				MARKETING_VERSION = 1.0;
				PRODUCT_BUNDLE_IDENTIFIER = com.conner.yoon.ContactList;
				PRODUCT_NAME = "$(TARGET_NAME)";
				SWIFT_EMIT_LOC_STRINGS = YES;
				SWIFT_VERSION = 5.0;
				TARGETED_DEVICE_FAMILY = "1,2";
			};
			name = Release;
		};
		CA92F2112C0521DC00FFF3D7 /* Debug */ = {
			isa = XCBuildConfiguration;
			buildSettings = {
				ALWAYS_EMBED_SWIFT_STANDARD_LIBRARIES = YES;
				BUNDLE_LOADER = "$(TEST_HOST)";
				CODE_SIGN_STYLE = Automatic;
				CURRENT_PROJECT_VERSION = 1;
				DEVELOPMENT_TEAM = 83Z22V6XMU;
				GENERATE_INFOPLIST_FILE = YES;
				IPHONEOS_DEPLOYMENT_TARGET = 17.5;
				MARKETING_VERSION = 1.0;
				PRODUCT_BUNDLE_IDENTIFIER = com.conner.yoon.ContactListTests;
				PRODUCT_NAME = "$(TARGET_NAME)";
				SWIFT_EMIT_LOC_STRINGS = NO;
				SWIFT_VERSION = 5.0;
				TARGETED_DEVICE_FAMILY = "1,2";
				TEST_HOST = "$(BUILT_PRODUCTS_DIR)/ContactList.app/$(BUNDLE_EXECUTABLE_FOLDER_PATH)/ContactList";
			};
			name = Debug;
		};
		CA92F2122C0521DC00FFF3D7 /* Release */ = {
			isa = XCBuildConfiguration;
			buildSettings = {
				ALWAYS_EMBED_SWIFT_STANDARD_LIBRARIES = YES;
				BUNDLE_LOADER = "$(TEST_HOST)";
				CODE_SIGN_STYLE = Automatic;
				CURRENT_PROJECT_VERSION = 1;
				DEVELOPMENT_TEAM = 83Z22V6XMU;
				GENERATE_INFOPLIST_FILE = YES;
				IPHONEOS_DEPLOYMENT_TARGET = 17.5;
				MARKETING_VERSION = 1.0;
				PRODUCT_BUNDLE_IDENTIFIER = com.conner.yoon.ContactListTests;
				PRODUCT_NAME = "$(TARGET_NAME)";
				SWIFT_EMIT_LOC_STRINGS = NO;
				SWIFT_VERSION = 5.0;
				TARGETED_DEVICE_FAMILY = "1,2";
				TEST_HOST = "$(BUILT_PRODUCTS_DIR)/ContactList.app/$(BUNDLE_EXECUTABLE_FOLDER_PATH)/ContactList";
			};
			name = Release;
		};
		CA92F2142C0521DC00FFF3D7 /* Debug */ = {
			isa = XCBuildConfiguration;
			buildSettings = {
				ALWAYS_EMBED_SWIFT_STANDARD_LIBRARIES = YES;
				CODE_SIGN_STYLE = Automatic;
				CURRENT_PROJECT_VERSION = 1;
				DEVELOPMENT_TEAM = 83Z22V6XMU;
				GENERATE_INFOPLIST_FILE = YES;
				MARKETING_VERSION = 1.0;
				PRODUCT_BUNDLE_IDENTIFIER = com.conner.yoon.ContactListUITests;
				PRODUCT_NAME = "$(TARGET_NAME)";
				SWIFT_EMIT_LOC_STRINGS = NO;
				SWIFT_VERSION = 5.0;
				TARGETED_DEVICE_FAMILY = "1,2";
				TEST_TARGET_NAME = ContactList;
			};
			name = Debug;
		};
		CA92F2152C0521DC00FFF3D7 /* Release */ = {
			isa = XCBuildConfiguration;
			buildSettings = {
				ALWAYS_EMBED_SWIFT_STANDARD_LIBRARIES = YES;
				CODE_SIGN_STYLE = Automatic;
				CURRENT_PROJECT_VERSION = 1;
				DEVELOPMENT_TEAM = 83Z22V6XMU;
				GENERATE_INFOPLIST_FILE = YES;
				MARKETING_VERSION = 1.0;
				PRODUCT_BUNDLE_IDENTIFIER = com.conner.yoon.ContactListUITests;
				PRODUCT_NAME = "$(TARGET_NAME)";
				SWIFT_EMIT_LOC_STRINGS = NO;
				SWIFT_VERSION = 5.0;
				TARGETED_DEVICE_FAMILY = "1,2";
				TEST_TARGET_NAME = ContactList;
			};
			name = Release;
		};
/* End XCBuildConfiguration section */

/* Begin XCConfigurationList section */
		CA92F1E22C0521DB00FFF3D7 /* Build configuration list for PBXProject "ContactList" */ = {
			isa = XCConfigurationList;
			buildConfigurations = (
				CA92F20B2C0521DC00FFF3D7 /* Debug */,
				CA92F20C2C0521DC00FFF3D7 /* Release */,
			);
			defaultConfigurationIsVisible = 0;
			defaultConfigurationName = Release;
		};
		CA92F20D2C0521DC00FFF3D7 /* Build configuration list for PBXNativeTarget "ContactList" */ = {
			isa = XCConfigurationList;
			buildConfigurations = (
				CA92F20E2C0521DC00FFF3D7 /* Debug */,
				CA92F20F2C0521DC00FFF3D7 /* Release */,
			);
			defaultConfigurationIsVisible = 0;
			defaultConfigurationName = Release;
		};
		CA92F2102C0521DC00FFF3D7 /* Build configuration list for PBXNativeTarget "ContactListTests" */ = {
			isa = XCConfigurationList;
			buildConfigurations = (
				CA92F2112C0521DC00FFF3D7 /* Debug */,
				CA92F2122C0521DC00FFF3D7 /* Release */,
			);
			defaultConfigurationIsVisible = 0;
			defaultConfigurationName = Release;
		};
		CA92F2132C0521DC00FFF3D7 /* Build configuration list for PBXNativeTarget "ContactListUITests" */ = {
			isa = XCConfigurationList;
			buildConfigurations = (
				CA92F2142C0521DC00FFF3D7 /* Debug */,
				CA92F2152C0521DC00FFF3D7 /* Release */,
			);
			defaultConfigurationIsVisible = 0;
			defaultConfigurationName = Release;
		};
/* End XCConfigurationList section */
	};
	rootObject = CA92F1DF2C0521DB00FFF3D7 /* Project object */;
}
